
Microsoft Visual Studio Solution File, Format Version 12.00
# Visual Studio Version 16
VisualStudioVersion = 16.6.30114.105
MinimumVisualStudioVersion = 10.0.40219.1
Project("{9A19103F-16F7-4668-BE54-9A1E7A4F7556}") = "BankTest", "BankTest\BankTest.csproj", "{0C36FBDC-8B3F-47FC-B575-F30F2F6BCCE3}"
EndProject
Project("{9A19103F-16F7-4668-BE54-9A1E7A4F7556}") = "Lab02-Unit-Tests-Documentation", "Lab02-Unit-Tests-Documentation\Lab02-Unit-Tests-Documentation.csproj", "{AF128C98-DB4C-4B09-BAEB-2A2B8F58CDB1}"
EndProject
Global
	GlobalSection(SolutionConfigurationPlatforms) = preSolution
		Debug|Any CPU = Debug|Any CPU
		Debug|x64 = Debug|x64
		Debug|x86 = Debug|x86
		Release|Any CPU = Release|Any CPU
		Release|x64 = Release|x64
		Release|x86 = Release|x86
	EndGlobalSection
	GlobalSection(ProjectConfigurationPlatforms) = postSolution
		{0C36FBDC-8B3F-47FC-B575-F30F2F6BCCE3}.Debug|Any CPU.ActiveCfg = Debug|Any CPU
		{0C36FBDC-8B3F-47FC-B575-F30F2F6BCCE3}.Debug|Any CPU.Build.0 = Debug|Any CPU
		{0C36FBDC-8B3F-47FC-B575-F30F2F6BCCE3}.Debug|x64.ActiveCfg = Debug|Any CPU
		{0C36FBDC-8B3F-47FC-B575-F30F2F6BCCE3}.Debug|x64.Build.0 = Debug|Any CPU
		{0C36FBDC-8B3F-47FC-B575-F30F2F6BCCE3}.Debug|x86.ActiveCfg = Debug|Any CPU
		{0C36FBDC-8B3F-47FC-B575-F30F2F6BCCE3}.Debug|x86.Build.0 = Debug|Any CPU
		{0C36FBDC-8B3F-47FC-B575-F30F2F6BCCE3}.Release|Any CPU.ActiveCfg = Release|Any CPU
		{0C36FBDC-8B3F-47FC-B575-F30F2F6BCCE3}.Release|Any CPU.Build.0 = Release|Any CPU
		{0C36FBDC-8B3F-47FC-B575-F30F2F6BCCE3}.Release|x64.ActiveCfg = Release|Any CPU
		{0C36FBDC-8B3F-47FC-B575-F30F2F6BCCE3}.Release|x64.Build.0 = Release|Any CPU
		{0C36FBDC-8B3F-47FC-B575-F30F2F6BCCE3}.Release|x86.ActiveCfg = Release|Any CPU
		{0C36FBDC-8B3F-47FC-B575-F30F2F6BCCE3}.Release|x86.Build.0 = Release|Any CPU
		{AF128C98-DB4C-4B09-BAEB-2A2B8F58CDB1}.Debug|Any CPU.ActiveCfg = Debug|Any CPU
		{AF128C98-DB4C-4B09-BAEB-2A2B8F58CDB1}.Debug|Any CPU.Build.0 = Debug|Any CPU
		{AF128C98-DB4C-4B09-BAEB-2A2B8F58CDB1}.Debug|x64.ActiveCfg = Debug|Any CPU
		{AF128C98-DB4C-4B09-BAEB-2A2B8F58CDB1}.Debug|x64.Build.0 = Debug|Any CPU
		{AF128C98-DB4C-4B09-BAEB-2A2B8F58CDB1}.Debug|x86.ActiveCfg = Debug|Any CPU
		{AF128C98-DB4C-4B09-BAEB-2A2B8F58CDB1}.Debug|x86.Build.0 = Debug|Any CPU
		{AF128C98-DB4C-4B09-BAEB-2A2B8F58CDB1}.Release|Any CPU.ActiveCfg = Release|Any CPU
		{AF128C98-DB4C-4B09-BAEB-2A2B8F58CDB1}.Release|Any CPU.Build.0 = Release|Any CPU
		{AF128C98-DB4C-4B09-BAEB-2A2B8F58CDB1}.Release|x64.ActiveCfg = Release|Any CPU
		{AF128C98-DB4C-4B09-BAEB-2A2B8F58CDB1}.Release|x64.Build.0 = Release|Any CPU
		{AF128C98-DB4C-4B09-BAEB-2A2B8F58CDB1}.Release|x86.ActiveCfg = Release|Any CPU
		{AF128C98-DB4C-4B09-BAEB-2A2B8F58CDB1}.Release|x86.Build.0 = Release|Any CPU
	EndGlobalSection
	GlobalSection(SolutionProperties) = preSolution
		HideSolutionNode = FALSE
	EndGlobalSection
	GlobalSection(ExtensibilityGlobals) = postSolution
		SolutionGuid = {02F2F612-5A9D-4790-B699-AA507F96C4E5}
	EndGlobalSection
EndGlobal
